
Microsoft Visual Studio Solution File, Format Version 12.00
# Visual Studio Version 16
VisualStudioVersion = 16.0.29613.14
MinimumVisualStudioVersion = 10.0.40219.1
Project("{FAE04EC0-301F-11D3-BF4B-00C04F79EFBC}") = "ConsoleApp.HelloWorld", "ConsoleApp.HelloWorld\ConsoleApp.HelloWorld.csproj", "{6AC041A2-E8DA-4608-84BC-A8505ED75B58}"
EndProject
Project("{FAE04EC0-301F-11D3-BF4B-00C04F79EFBC}") = "ConsoleApp.Controller", "ConsoleApp.Controller\ConsoleApp.Controller.csproj", "{32F71D86-90DF-4C90-8964-547CC0C01832}"
EndProject
Global
	GlobalSection(SolutionConfigurationPlatforms) = preSolution
		Debug|Any CPU = Debug|Any CPU
		Release|Any CPU = Release|Any CPU
	EndGlobalSection
	GlobalSection(ProjectConfigurationPlatforms) = postSolution
		{6AC041A2-E8DA-4608-84BC-A8505ED75B58}.Debug|Any CPU.ActiveCfg = Debug|Any CPU
		{6AC041A2-E8DA-4608-84BC-A8505ED75B58}.Debug|Any CPU.Build.0 = Debug|Any CPU
		{6AC041A2-E8DA-4608-84BC-A8505ED75B58}.Release|Any CPU.ActiveCfg = Release|Any CPU
		{6AC041A2-E8DA-4608-84BC-A8505ED75B58}.Release|Any CPU.Build.0 = Release|Any CPU
		{32F71D86-90DF-4C90-8964-547CC0C01832}.Debug|Any CPU.ActiveCfg = Debug|Any CPU
		{32F71D86-90DF-4C90-8964-547CC0C01832}.Debug|Any CPU.Build.0 = Debug|Any CPU
		{32F71D86-90DF-4C90-8964-547CC0C01832}.Release|Any CPU.ActiveCfg = Release|Any CPU
		{32F71D86-90DF-4C90-8964-547CC0C01832}.Release|Any CPU.Build.0 = Release|Any CPU
	EndGlobalSection
	GlobalSection(SolutionProperties) = preSolution
		HideSolutionNode = FALSE
	EndGlobalSection
	GlobalSection(ExtensibilityGlobals) = postSolution
		SolutionGuid = {B4671F05-65B3-4D2A-B163-6F828F43000F}
	EndGlobalSection
EndGlobal
