
Microsoft Visual Studio Solution File, Format Version 12.00
# Visual Studio Version 16
VisualStudioVersion = 16.0.29709.97
MinimumVisualStudioVersion = 10.0.40219.1
Project("{9A19103F-16F7-4668-BE54-9A1E7A4F7556}") = "MvcMovie", "MvcMovie\MvcMovie.csproj", "{2D4DC091-480E-487A-B768-40FDD422D6F8}"
EndProject
Project("{FAE04EC0-301F-11D3-BF4B-00C04F79EFBC}") = "MovieAPI", "MovieAPI\MovieAPI.csproj", "{EC1A9D08-BD42-4687-8A93-BF8607999E31}"
EndProject
Project("{FAE04EC0-301F-11D3-BF4B-00C04F79EFBC}") = "Models", "Models\Models.csproj", "{A5A03F33-035D-4B47-88F1-0368D0D9895C}"
EndProject
Project("{FAE04EC0-301F-11D3-BF4B-00C04F79EFBC}") = "Core", "Core\Core.csproj", "{A440D6FC-54AB-43F5-AFC3-FEBB8E5D531F}"
EndProject
Project("{FAE04EC0-301F-11D3-BF4B-00C04F79EFBC}") = "DAL", "DAL\DAL.csproj", "{36CC5F63-E6B8-4EBA-B4C3-D814F20580A6}"
EndProject
Global
	GlobalSection(SolutionConfigurationPlatforms) = preSolution
		Debug|Any CPU = Debug|Any CPU
		Release|Any CPU = Release|Any CPU
	EndGlobalSection
	GlobalSection(ProjectConfigurationPlatforms) = postSolution
		{2D4DC091-480E-487A-B768-40FDD422D6F8}.Debug|Any CPU.ActiveCfg = Debug|Any CPU
		{2D4DC091-480E-487A-B768-40FDD422D6F8}.Debug|Any CPU.Build.0 = Debug|Any CPU
		{2D4DC091-480E-487A-B768-40FDD422D6F8}.Release|Any CPU.ActiveCfg = Release|Any CPU
		{2D4DC091-480E-487A-B768-40FDD422D6F8}.Release|Any CPU.Build.0 = Release|Any CPU
		{EC1A9D08-BD42-4687-8A93-BF8607999E31}.Debug|Any CPU.ActiveCfg = Debug|Any CPU
		{EC1A9D08-BD42-4687-8A93-BF8607999E31}.Debug|Any CPU.Build.0 = Debug|Any CPU
		{EC1A9D08-BD42-4687-8A93-BF8607999E31}.Release|Any CPU.ActiveCfg = Release|Any CPU
		{EC1A9D08-BD42-4687-8A93-BF8607999E31}.Release|Any CPU.Build.0 = Release|Any CPU
		{A5A03F33-035D-4B47-88F1-0368D0D9895C}.Debug|Any CPU.ActiveCfg = Debug|Any CPU
		{A5A03F33-035D-4B47-88F1-0368D0D9895C}.Debug|Any CPU.Build.0 = Debug|Any CPU
		{A5A03F33-035D-4B47-88F1-0368D0D9895C}.Release|Any CPU.ActiveCfg = Release|Any CPU
		{A5A03F33-035D-4B47-88F1-0368D0D9895C}.Release|Any CPU.Build.0 = Release|Any CPU
		{A440D6FC-54AB-43F5-AFC3-FEBB8E5D531F}.Debug|Any CPU.ActiveCfg = Debug|Any CPU
		{A440D6FC-54AB-43F5-AFC3-FEBB8E5D531F}.Debug|Any CPU.Build.0 = Debug|Any CPU
		{A440D6FC-54AB-43F5-AFC3-FEBB8E5D531F}.Release|Any CPU.ActiveCfg = Release|Any CPU
		{A440D6FC-54AB-43F5-AFC3-FEBB8E5D531F}.Release|Any CPU.Build.0 = Release|Any CPU
		{36CC5F63-E6B8-4EBA-B4C3-D814F20580A6}.Debug|Any CPU.ActiveCfg = Debug|Any CPU
		{36CC5F63-E6B8-4EBA-B4C3-D814F20580A6}.Debug|Any CPU.Build.0 = Debug|Any CPU
		{36CC5F63-E6B8-4EBA-B4C3-D814F20580A6}.Release|Any CPU.ActiveCfg = Release|Any CPU
		{36CC5F63-E6B8-4EBA-B4C3-D814F20580A6}.Release|Any CPU.Build.0 = Release|Any CPU
	EndGlobalSection
	GlobalSection(SolutionProperties) = preSolution
		HideSolutionNode = FALSE
	EndGlobalSection
	GlobalSection(ExtensibilityGlobals) = postSolution
		SolutionGuid = {F13C47B8-59B4-42BC-91C2-5ABCF2C06A14}
	EndGlobalSection
EndGlobal
