
Microsoft Visual Studio Solution File, Format Version 12.00
# Visual Studio Version 16
VisualStudioVersion = 16.0.29709.97
MinimumVisualStudioVersion = 10.0.40219.1
Project("{FAE04EC0-301F-11D3-BF4B-00C04F79EFBC}") = "HelloCore", "HelloCore\HelloCore.csproj", "{4D2BA1A6-A044-4897-B162-7230D41D0089}"
EndProject
Global
	GlobalSection(SolutionConfigurationPlatforms) = preSolution
		Debug|Any CPU = Debug|Any CPU
		Release|Any CPU = Release|Any CPU
	EndGlobalSection
	GlobalSection(ProjectConfigurationPlatforms) = postSolution
		{4D2BA1A6-A044-4897-B162-7230D41D0089}.Debug|Any CPU.ActiveCfg = Debug|Any CPU
		{4D2BA1A6-A044-4897-B162-7230D41D0089}.Debug|Any CPU.Build.0 = Debug|Any CPU
		{4D2BA1A6-A044-4897-B162-7230D41D0089}.Release|Any CPU.ActiveCfg = Release|Any CPU
		{4D2BA1A6-A044-4897-B162-7230D41D0089}.Release|Any CPU.Build.0 = Release|Any CPU
	EndGlobalSection
	GlobalSection(SolutionProperties) = preSolution
		HideSolutionNode = FALSE
	EndGlobalSection
	GlobalSection(ExtensibilityGlobals) = postSolution
		SolutionGuid = {045DD902-DDFA-4FB2-BF3E-BE78E0690D43}
	EndGlobalSection
EndGlobal
